
Microsoft Visual Studio Solution File, Format Version 12.00
# Visual Studio Version 17
VisualStudioVersion = 17.4.33213.308
MinimumVisualStudioVersion = 10.0.40219.1
Project("{FAE04EC0-301F-11D3-BF4B-00C04F79EFBC}") = "ByteBank3", "ByteBank3\ByteBank3.csproj", "{8772BDDF-03AD-496D-8CD5-66065010F738}"
EndProject
Global
	GlobalSection(SolutionConfigurationPlatforms) = preSolution
		Debug|Any CPU = Debug|Any CPU
		Release|Any CPU = Release|Any CPU
	EndGlobalSection
	GlobalSection(ProjectConfigurationPlatforms) = postSolution
		{8772BDDF-03AD-496D-8CD5-66065010F738}.Debug|Any CPU.ActiveCfg = Debug|Any CPU
		{8772BDDF-03AD-496D-8CD5-66065010F738}.Debug|Any CPU.Build.0 = Debug|Any CPU
		{8772BDDF-03AD-496D-8CD5-66065010F738}.Release|Any CPU.ActiveCfg = Release|Any CPU
		{8772BDDF-03AD-496D-8CD5-66065010F738}.Release|Any CPU.Build.0 = Release|Any CPU
	EndGlobalSection
	GlobalSection(SolutionProperties) = preSolution
		HideSolutionNode = FALSE
	EndGlobalSection
	GlobalSection(ExtensibilityGlobals) = postSolution
		SolutionGuid = {61EE1D88-7AAF-4E01-86C7-EB4B6DE46852}
	EndGlobalSection
EndGlobal
